<?xml version="1.0" encoding="utf-8"?>
<Project ToolsVersion="4.0" xmlns="http://schemas.microsoft.com/developer/msbuild/2003">
  <ItemGroup>
    <Filter Include="Исходные файлы">
      <UniqueIdentifier>{4FC737F1-C7A5-4376-A066-2A32D752A2FF}</UniqueIdentifier>
      <Extensions>cpp;c;cc;cxx;c++;cppm;ixx;def;odl;idl;hpj;bat;asm;asmx</Extensions>
    </Filter>
    <Filter Include="Файлы заголовков">
      <UniqueIdentifier>{93995380-89BD-4b04-88EB-625FBE52EBFB}</UniqueIdentifier>
      <Extensions>h;hh;hpp;hxx;h++;hm;inl;inc;ipp;xsd</Extensions>
    </Filter>
    <Filter Include="Файлы ресурсов">
      <UniqueIdentifier>{67DA6AB6-F800-4c08-8B7A-83BB121AAD01}</UniqueIdentifier>
      <Extensions>rc;ico;cur;bmp;dlg;rc2;rct;bin;rgs;gif;jpg;jpeg;jpe;resx;tiff;tif;png;wav;mfcribbon-ms</Extensions>
    </Filter>
    <Filter Include="Manager">
      <UniqueIdentifier>{5794d7eb-5817-489d-a24e-fc59112ca4fd}</UniqueIdentifier>
    </Filter>
    <Filter Include="Map">
      <UniqueIdentifier>{58546d3e-9c35-410f-9c7d-26d3fcb21d5a}</UniqueIdentifier>
    </Filter>
    <Filter Include="Unit">
      <UniqueIdentifier>{a1136f1b-0cad-4dfa-adc4-81ffd6d81ad7}</UniqueIdentifier>
    </Filter>
    <Filter Include="Unit\DMG_Dealer">
      <UniqueIdentifier>{57005bd3-21e4-463c-9b6b-1a2eab92dede}</UniqueIdentifier>
    </Filter>
    <Filter Include="Unit\Healer">
      <UniqueIdentifier>{23bbe597-6c1b-4fcc-a057-31c3d2c96de0}</UniqueIdentifier>
    </Filter>
    <Filter Include="Unit\Support">
      <UniqueIdentifier>{571b8ef4-812f-4a56-ba6f-af8049332fe1}</UniqueIdentifier>
    </Filter>
  </ItemGroup>
  <ItemGroup>
    <ClCompile Include="main.cpp">
      <Filter>Исходные файлы</Filter>
    </ClCompile>
    <ClCompile Include="Unit.cpp">
      <Filter>Unit</Filter>
    </ClCompile>
    <ClCompile Include="Cell.cpp">
      <Filter>Map</Filter>
    </ClCompile>
    <ClCompile Include="Map.cpp">
      <Filter>Map</Filter>
    </ClCompile>
    <ClCompile Include="Manager.cpp">
      <Filter>Manager</Filter>
    </ClCompile>
    <ClCompile Include="Message.cpp">
      <Filter>Manager</Filter>
    </ClCompile>
    <ClCompile Include="ResourceManager.cpp">
      <Filter>Manager</Filter>
    </ClCompile>
    <ClCompile Include="Game.cpp">
      <Filter>Исходные файлы</Filter>
    </ClCompile>
    <ClCompile Include="Available_Zone.cpp">
      <Filter>Unit</Filter>
    </ClCompile>
    <ClCompile Include="DMG_Dealer.cpp">
      <Filter>Unit\DMG_Dealer</Filter>
    </ClCompile>
    <ClCompile Include="Healer.cpp">
      <Filter>Unit\Healer</Filter>
    </ClCompile>
    <ClCompile Include="Support.cpp">
      <Filter>Unit\Support</Filter>
    </ClCompile>
  </ItemGroup>
  <ItemGroup>
    <ClInclude Include="Unit.h">
      <Filter>Unit</Filter>
    </ClInclude>
    <ClInclude Include="Cell.h">
      <Filter>Map</Filter>
    </ClInclude>
    <ClInclude Include="Map.h">
      <Filter>Map</Filter>
    </ClInclude>
    <ClInclude Include="Manager.h">
      <Filter>Manager</Filter>
    </ClInclude>
    <ClInclude Include="Message.h">
      <Filter>Manager</Filter>
    </ClInclude>
    <ClInclude Include="ResourceManager.h">
      <Filter>Manager</Filter>
    </ClInclude>
    <ClInclude Include="Game.h">
      <Filter>Файлы заголовков</Filter>
    </ClInclude>
    <ClInclude Include="Available_Zone.h">
      <Filter>Unit</Filter>
    </ClInclude>
    <ClInclude Include="DMG_Dealer.h">
      <Filter>Unit\DMG_Dealer</Filter>
    </ClInclude>
    <ClInclude Include="Healer.h">
      <Filter>Unit\Healer</Filter>
    </ClInclude>
    <ClInclude Include="Support.h">
      <Filter>Unit\Support</Filter>
    </ClInclude>
  </ItemGroup>
</Project>